
Microsoft Visual Studio Solution File, Format Version 12.00
# Visual Studio Version 17
VisualStudioVersion = 17.9.34622.214
MinimumVisualStudioVersion = 10.0.40219.1
Project("{8BC9CEB8-8B4A-11D0-8D11-00A0C91BC942}") = "SwitchCase", "SwitchCase\SwitchCase.vcxproj", "{DBBABFB3-1360-4BDE-A55B-7C8798EAE352}"
EndProject
Project("{8BC9CEB8-8B4A-11D0-8D11-00A0C91BC942}") = "parameter", "parameter\parameter.vcxproj", "{4DDDDDE7-D30D-4B26-BEE8-D6DE3C8D05D9}"
EndProject
Global
	GlobalSection(SolutionConfigurationPlatforms) = preSolution
		Debug|x64 = Debug|x64
		Debug|x86 = Debug|x86
		Release|x64 = Release|x64
		Release|x86 = Release|x86
	EndGlobalSection
	GlobalSection(ProjectConfigurationPlatforms) = postSolution
		{DBBABFB3-1360-4BDE-A55B-7C8798EAE352}.Debug|x64.ActiveCfg = Debug|x64
		{DBBABFB3-1360-4BDE-A55B-7C8798EAE352}.Debug|x64.Build.0 = Debug|x64
		{DBBABFB3-1360-4BDE-A55B-7C8798EAE352}.Debug|x86.ActiveCfg = Debug|Win32
		{DBBABFB3-1360-4BDE-A55B-7C8798EAE352}.Debug|x86.Build.0 = Debug|Win32
		{DBBABFB3-1360-4BDE-A55B-7C8798EAE352}.Release|x64.ActiveCfg = Release|x64
		{DBBABFB3-1360-4BDE-A55B-7C8798EAE352}.Release|x64.Build.0 = Release|x64
		{DBBABFB3-1360-4BDE-A55B-7C8798EAE352}.Release|x86.ActiveCfg = Release|Win32
		{DBBABFB3-1360-4BDE-A55B-7C8798EAE352}.Release|x86.Build.0 = Release|Win32
		{4DDDDDE7-D30D-4B26-BEE8-D6DE3C8D05D9}.Debug|x64.ActiveCfg = Debug|x64
		{4DDDDDE7-D30D-4B26-BEE8-D6DE3C8D05D9}.Debug|x64.Build.0 = Debug|x64
		{4DDDDDE7-D30D-4B26-BEE8-D6DE3C8D05D9}.Debug|x86.ActiveCfg = Debug|Win32
		{4DDDDDE7-D30D-4B26-BEE8-D6DE3C8D05D9}.Debug|x86.Build.0 = Debug|Win32
		{4DDDDDE7-D30D-4B26-BEE8-D6DE3C8D05D9}.Release|x64.ActiveCfg = Release|x64
		{4DDDDDE7-D30D-4B26-BEE8-D6DE3C8D05D9}.Release|x64.Build.0 = Release|x64
		{4DDDDDE7-D30D-4B26-BEE8-D6DE3C8D05D9}.Release|x86.ActiveCfg = Release|Win32
		{4DDDDDE7-D30D-4B26-BEE8-D6DE3C8D05D9}.Release|x86.Build.0 = Release|Win32
	EndGlobalSection
	GlobalSection(SolutionProperties) = preSolution
		HideSolutionNode = FALSE
	EndGlobalSection
	GlobalSection(ExtensibilityGlobals) = postSolution
		SolutionGuid = {4788365F-8E54-480C-9B02-15CB8F6DC01A}
	EndGlobalSection
EndGlobal
